
Microsoft Visual Studio Solution File, Format Version 11.00
# Visual Studio 2010
Project("{FAE04EC0-301F-11D3-BF4B-00C04F79EFBC}") = "SimpleSpec.NUnit", "SimpleSpec\SimpleSpec.NUnit.csproj", "{73088230-15B1-4980-BB97-B01D09B81325}"
EndProject
Global
	GlobalSection(SolutionConfigurationPlatforms) = preSolution
		Debug|Any CPU = Debug|Any CPU
		Release|Any CPU = Release|Any CPU
	EndGlobalSection
	GlobalSection(ProjectConfigurationPlatforms) = postSolution
		{73088230-15B1-4980-BB97-B01D09B81325}.Debug|Any CPU.ActiveCfg = Debug|Any CPU
		{73088230-15B1-4980-BB97-B01D09B81325}.Debug|Any CPU.Build.0 = Debug|Any CPU
		{73088230-15B1-4980-BB97-B01D09B81325}.Release|Any CPU.ActiveCfg = Release|Any CPU
		{73088230-15B1-4980-BB97-B01D09B81325}.Release|Any CPU.Build.0 = Release|Any CPU
	EndGlobalSection
	GlobalSection(SolutionProperties) = preSolution
		HideSolutionNode = FALSE
	EndGlobalSection
EndGlobal
